
Microsoft Visual Studio Solution File, Format Version 12.00
# Visual Studio Version 16
VisualStudioVersion = 16.0.810.23
MinimumVisualStudioVersion = 10.0.40219.1
Project("{FAE04EC0-301F-11D3-BF4B-00C04F79EFBC}") = "ImageValidation.iOS", "ImageValidation.iOS\ImageValidation.iOS.csproj", "{48F20E00-AA80-4E88-B58C-563A2A636BA5}"
EndProject
Project("{FAE04EC0-301F-11D3-BF4B-00C04F79EFBC}") = "ImageValidation.Android", "ImageValidation.Android\ImageValidation.Android.csproj", "{4B496C72-12CA-4CF5-BD58-A1720ADBCE15}"
EndProject
Project("{5DD5E4FA-CB73-4610-85AB-557B54E96AA9}") = "ImageValidation.NuGet", "ImageValidation.NuGet\ImageValidation.NuGet.nuproj", "{9D5E1BAB-009E-4127-9E56-84FB5F5ADF2C}"
EndProject
Project("{FAE04EC0-301F-11D3-BF4B-00C04F79EFBC}") = "ImageValidation.Core", "ImageValidation.Core\ImageValidation.Core.csproj", "{BA25B8A2-E674-460C-8F25-BEF465192AA0}"
EndProject
Project("{FAE04EC0-301F-11D3-BF4B-00C04F79EFBC}") = "ImageValidation.Sample", "ImageValidation.Sample\ImageValidation.Sample.csproj", "{D627A351-98FA-4B87-8A27-708822699634}"
EndProject
Global
	GlobalSection(SolutionConfigurationPlatforms) = preSolution
		Debug|Any CPU = Debug|Any CPU
		Release|Any CPU = Release|Any CPU
	EndGlobalSection
	GlobalSection(ProjectConfigurationPlatforms) = postSolution
		{48F20E00-AA80-4E88-B58C-563A2A636BA5}.Debug|Any CPU.ActiveCfg = Debug|Any CPU
		{48F20E00-AA80-4E88-B58C-563A2A636BA5}.Debug|Any CPU.Build.0 = Debug|Any CPU
		{48F20E00-AA80-4E88-B58C-563A2A636BA5}.Release|Any CPU.ActiveCfg = Release|Any CPU
		{48F20E00-AA80-4E88-B58C-563A2A636BA5}.Release|Any CPU.Build.0 = Release|Any CPU
		{4B496C72-12CA-4CF5-BD58-A1720ADBCE15}.Debug|Any CPU.ActiveCfg = Debug|Any CPU
		{4B496C72-12CA-4CF5-BD58-A1720ADBCE15}.Debug|Any CPU.Build.0 = Debug|Any CPU
		{4B496C72-12CA-4CF5-BD58-A1720ADBCE15}.Release|Any CPU.ActiveCfg = Release|Any CPU
		{4B496C72-12CA-4CF5-BD58-A1720ADBCE15}.Release|Any CPU.Build.0 = Release|Any CPU
		{9D5E1BAB-009E-4127-9E56-84FB5F5ADF2C}.Debug|Any CPU.ActiveCfg = Debug|Any CPU
		{9D5E1BAB-009E-4127-9E56-84FB5F5ADF2C}.Debug|Any CPU.Build.0 = Debug|Any CPU
		{9D5E1BAB-009E-4127-9E56-84FB5F5ADF2C}.Release|Any CPU.ActiveCfg = Release|Any CPU
		{9D5E1BAB-009E-4127-9E56-84FB5F5ADF2C}.Release|Any CPU.Build.0 = Release|Any CPU
		{BA25B8A2-E674-460C-8F25-BEF465192AA0}.Debug|Any CPU.ActiveCfg = Debug|Any CPU
		{BA25B8A2-E674-460C-8F25-BEF465192AA0}.Debug|Any CPU.Build.0 = Debug|Any CPU
		{BA25B8A2-E674-460C-8F25-BEF465192AA0}.Release|Any CPU.ActiveCfg = Release|Any CPU
		{BA25B8A2-E674-460C-8F25-BEF465192AA0}.Release|Any CPU.Build.0 = Release|Any CPU
		{D627A351-98FA-4B87-8A27-708822699634}.Debug|Any CPU.ActiveCfg = Debug|Any CPU
		{D627A351-98FA-4B87-8A27-708822699634}.Debug|Any CPU.Build.0 = Debug|Any CPU
		{D627A351-98FA-4B87-8A27-708822699634}.Release|Any CPU.ActiveCfg = Release|Any CPU
		{D627A351-98FA-4B87-8A27-708822699634}.Release|Any CPU.Build.0 = Release|Any CPU
	EndGlobalSection
	GlobalSection(SolutionProperties) = preSolution
		HideSolutionNode = FALSE
	EndGlobalSection
	GlobalSection(ExtensibilityGlobals) = postSolution
		SolutionGuid = {5C44C518-8EA6-4EAA-B79D-602EC8BCBB19}
	EndGlobalSection
EndGlobal
